
Microsoft Visual Studio Solution File, Format Version 12.00
# Visual Studio Version 17
VisualStudioVersion = 17.8.34408.163
MinimumVisualStudioVersion = 10.0.40219.1
Project("{9A19103F-16F7-4668-BE54-9A1E7A4F7556}") = "UsersService", "src\UsersService\UsersService.csproj", "{E0EC3505-1E55-459E-97D3-ECD20E7D1C39}"
EndProject
Project("{9A19103F-16F7-4668-BE54-9A1E7A4F7556}") = "PublicationsService", "src\PublicationsService\PublicationsService.csproj", "{63A73B08-131F-478F-A901-EE79CF9B5152}"
EndProject
Project("{9A19103F-16F7-4668-BE54-9A1E7A4F7556}") = "SharedKernel", "src\SharedKernel\SharedKernel.csproj", "{FE502D1A-C292-41C1-8824-C843776DDAF5}"
EndProject
Project("{9A19103F-16F7-4668-BE54-9A1E7A4F7556}") = "UsersService.UnitTest", "tests\UsersService.UnitTest\UsersService.UnitTest.csproj", "{ABE09E80-D05C-49BE-976B-1AB3CFA9431F}"
EndProject
Project("{9A19103F-16F7-4668-BE54-9A1E7A4F7556}") = "SearchJobsServcie", "src\SearchJobsServcie\SearchJobsServcie.csproj", "{3DC61D32-A2C8-4FB0-8A6A-63FFA947C9CC}"
EndProject
Project("{9A19103F-16F7-4668-BE54-9A1E7A4F7556}") = "AuthService", "src\AuthService\AuthService.csproj", "{9DA70185-9B2A-4186-90E6-72DAA69094EF}"
EndProject
Project("{FAE04EC0-301F-11D3-BF4B-00C04F79EFBC}") = "GatewayService", "src\GatewayService\GatewayService.csproj", "{2500E6CC-FD5D-4442-B65C-91BF242F2AE4}"
EndProject
Global
	GlobalSection(SolutionConfigurationPlatforms) = preSolution
		Debug|Any CPU = Debug|Any CPU
		Release|Any CPU = Release|Any CPU
	EndGlobalSection
	GlobalSection(ProjectConfigurationPlatforms) = postSolution
		{E0EC3505-1E55-459E-97D3-ECD20E7D1C39}.Debug|Any CPU.ActiveCfg = Debug|Any CPU
		{E0EC3505-1E55-459E-97D3-ECD20E7D1C39}.Debug|Any CPU.Build.0 = Debug|Any CPU
		{E0EC3505-1E55-459E-97D3-ECD20E7D1C39}.Release|Any CPU.ActiveCfg = Release|Any CPU
		{E0EC3505-1E55-459E-97D3-ECD20E7D1C39}.Release|Any CPU.Build.0 = Release|Any CPU
		{63A73B08-131F-478F-A901-EE79CF9B5152}.Debug|Any CPU.ActiveCfg = Debug|Any CPU
		{63A73B08-131F-478F-A901-EE79CF9B5152}.Debug|Any CPU.Build.0 = Debug|Any CPU
		{63A73B08-131F-478F-A901-EE79CF9B5152}.Release|Any CPU.ActiveCfg = Release|Any CPU
		{63A73B08-131F-478F-A901-EE79CF9B5152}.Release|Any CPU.Build.0 = Release|Any CPU
		{FE502D1A-C292-41C1-8824-C843776DDAF5}.Debug|Any CPU.ActiveCfg = Debug|Any CPU
		{FE502D1A-C292-41C1-8824-C843776DDAF5}.Debug|Any CPU.Build.0 = Debug|Any CPU
		{FE502D1A-C292-41C1-8824-C843776DDAF5}.Release|Any CPU.ActiveCfg = Release|Any CPU
		{FE502D1A-C292-41C1-8824-C843776DDAF5}.Release|Any CPU.Build.0 = Release|Any CPU
		{ABE09E80-D05C-49BE-976B-1AB3CFA9431F}.Debug|Any CPU.ActiveCfg = Debug|Any CPU
		{ABE09E80-D05C-49BE-976B-1AB3CFA9431F}.Debug|Any CPU.Build.0 = Debug|Any CPU
		{ABE09E80-D05C-49BE-976B-1AB3CFA9431F}.Release|Any CPU.ActiveCfg = Release|Any CPU
		{ABE09E80-D05C-49BE-976B-1AB3CFA9431F}.Release|Any CPU.Build.0 = Release|Any CPU
		{3DC61D32-A2C8-4FB0-8A6A-63FFA947C9CC}.Debug|Any CPU.ActiveCfg = Debug|Any CPU
		{3DC61D32-A2C8-4FB0-8A6A-63FFA947C9CC}.Debug|Any CPU.Build.0 = Debug|Any CPU
		{3DC61D32-A2C8-4FB0-8A6A-63FFA947C9CC}.Release|Any CPU.ActiveCfg = Release|Any CPU
		{3DC61D32-A2C8-4FB0-8A6A-63FFA947C9CC}.Release|Any CPU.Build.0 = Release|Any CPU
		{9DA70185-9B2A-4186-90E6-72DAA69094EF}.Debug|Any CPU.ActiveCfg = Debug|Any CPU
		{9DA70185-9B2A-4186-90E6-72DAA69094EF}.Debug|Any CPU.Build.0 = Debug|Any CPU
		{9DA70185-9B2A-4186-90E6-72DAA69094EF}.Release|Any CPU.ActiveCfg = Release|Any CPU
		{9DA70185-9B2A-4186-90E6-72DAA69094EF}.Release|Any CPU.Build.0 = Release|Any CPU
		{2500E6CC-FD5D-4442-B65C-91BF242F2AE4}.Debug|Any CPU.ActiveCfg = Debug|Any CPU
		{2500E6CC-FD5D-4442-B65C-91BF242F2AE4}.Debug|Any CPU.Build.0 = Debug|Any CPU
		{2500E6CC-FD5D-4442-B65C-91BF242F2AE4}.Release|Any CPU.ActiveCfg = Release|Any CPU
		{2500E6CC-FD5D-4442-B65C-91BF242F2AE4}.Release|Any CPU.Build.0 = Release|Any CPU
	EndGlobalSection
	GlobalSection(SolutionProperties) = preSolution
		HideSolutionNode = FALSE
	EndGlobalSection
	GlobalSection(ExtensibilityGlobals) = postSolution
		SolutionGuid = {69C0D2D0-8C8A-443B-A47E-59AFD97AD457}
	EndGlobalSection
EndGlobal
